
Microsoft Visual Studio Solution File, Format Version 12.00
# Visual Studio Version 17
VisualStudioVersion = 17.5.33627.172
MinimumVisualStudioVersion = 10.0.40219.1
Project("{FAE04EC0-301F-11D3-BF4B-00C04F79EFBC}") = "Assignment2_Client", "Assignment2_Client\Assignment2_Client.csproj", "{18965BD5-416C-4FB6-BF74-6CD206D8F77E}"
EndProject
Project("{FAE04EC0-301F-11D3-BF4B-00C04F79EFBC}") = "Assingment2_Server", "Assingment2_Server\Assingment2_Server.csproj", "{D53EB293-28A7-424E-A3B6-16E4CB4FA839}"
EndProject
Project("{FAE04EC0-301F-11D3-BF4B-00C04F79EFBC}") = "sharedModel", "sharedModel\sharedModel.csproj", "{4E4948F4-8B7C-46B9-B651-EACABE26F231}"
EndProject
Global
	GlobalSection(SolutionConfigurationPlatforms) = preSolution
		Debug|Any CPU = Debug|Any CPU
		Release|Any CPU = Release|Any CPU
	EndGlobalSection
	GlobalSection(ProjectConfigurationPlatforms) = postSolution
		{18965BD5-416C-4FB6-BF74-6CD206D8F77E}.Debug|Any CPU.ActiveCfg = Debug|Any CPU
		{18965BD5-416C-4FB6-BF74-6CD206D8F77E}.Debug|Any CPU.Build.0 = Debug|Any CPU
		{18965BD5-416C-4FB6-BF74-6CD206D8F77E}.Release|Any CPU.ActiveCfg = Release|Any CPU
		{18965BD5-416C-4FB6-BF74-6CD206D8F77E}.Release|Any CPU.Build.0 = Release|Any CPU
		{D53EB293-28A7-424E-A3B6-16E4CB4FA839}.Debug|Any CPU.ActiveCfg = Debug|Any CPU
		{D53EB293-28A7-424E-A3B6-16E4CB4FA839}.Debug|Any CPU.Build.0 = Debug|Any CPU
		{D53EB293-28A7-424E-A3B6-16E4CB4FA839}.Release|Any CPU.ActiveCfg = Release|Any CPU
		{D53EB293-28A7-424E-A3B6-16E4CB4FA839}.Release|Any CPU.Build.0 = Release|Any CPU
		{4E4948F4-8B7C-46B9-B651-EACABE26F231}.Debug|Any CPU.ActiveCfg = Debug|Any CPU
		{4E4948F4-8B7C-46B9-B651-EACABE26F231}.Debug|Any CPU.Build.0 = Debug|Any CPU
		{4E4948F4-8B7C-46B9-B651-EACABE26F231}.Release|Any CPU.ActiveCfg = Release|Any CPU
		{4E4948F4-8B7C-46B9-B651-EACABE26F231}.Release|Any CPU.Build.0 = Release|Any CPU
	EndGlobalSection
	GlobalSection(SolutionProperties) = preSolution
		HideSolutionNode = FALSE
	EndGlobalSection
	GlobalSection(ExtensibilityGlobals) = postSolution
		SolutionGuid = {246C979E-09B2-4F73-8BB6-FEE3D504EA18}
	EndGlobalSection
EndGlobal
